
Microsoft Visual Studio Solution File, Format Version 12.00
# Visual Studio Version 17
VisualStudioVersion = 17.0.32014.148
MinimumVisualStudioVersion = 10.0.40219.1
Project("{FAE04EC0-301F-11D3-BF4B-00C04F79EFBC}") = "SaleApp", "SaleApp\SaleApp.csproj", "{C27DCB32-287E-4311-BBD7-38F975D01FF6}"
EndProject
Global
	GlobalSection(SolutionConfigurationPlatforms) = preSolution
		Debug|Any CPU = Debug|Any CPU
		Release|Any CPU = Release|Any CPU
	EndGlobalSection
	GlobalSection(ProjectConfigurationPlatforms) = postSolution
		{C27DCB32-287E-4311-BBD7-38F975D01FF6}.Debug|Any CPU.ActiveCfg = Debug|Any CPU
		{C27DCB32-287E-4311-BBD7-38F975D01FF6}.Debug|Any CPU.Build.0 = Debug|Any CPU
		{C27DCB32-287E-4311-BBD7-38F975D01FF6}.Release|Any CPU.ActiveCfg = Release|Any CPU
		{C27DCB32-287E-4311-BBD7-38F975D01FF6}.Release|Any CPU.Build.0 = Release|Any CPU
	EndGlobalSection
	GlobalSection(SolutionProperties) = preSolution
		HideSolutionNode = FALSE
	EndGlobalSection
	GlobalSection(ExtensibilityGlobals) = postSolution
		SolutionGuid = {7921A1A5-E789-4CAB-98ED-942334996887}
	EndGlobalSection
EndGlobal
