
Microsoft Visual Studio Solution File, Format Version 12.00
# Visual Studio Version 17
VisualStudioVersion = 17.0.32014.148
MinimumVisualStudioVersion = 10.0.40219.1
Project("{FAE04EC0-301F-11D3-BF4B-00C04F79EFBC}") = "AdditionQuiz", "AdditionQuiz\AdditionQuiz.csproj", "{C0C793BC-ADB2-4306-9F61-18A972BF5764}"
EndProject
Global
	GlobalSection(SolutionConfigurationPlatforms) = preSolution
		Debug|Any CPU = Debug|Any CPU
		Release|Any CPU = Release|Any CPU
	EndGlobalSection
	GlobalSection(ProjectConfigurationPlatforms) = postSolution
		{C0C793BC-ADB2-4306-9F61-18A972BF5764}.Debug|Any CPU.ActiveCfg = Debug|Any CPU
		{C0C793BC-ADB2-4306-9F61-18A972BF5764}.Debug|Any CPU.Build.0 = Debug|Any CPU
		{C0C793BC-ADB2-4306-9F61-18A972BF5764}.Release|Any CPU.ActiveCfg = Release|Any CPU
		{C0C793BC-ADB2-4306-9F61-18A972BF5764}.Release|Any CPU.Build.0 = Release|Any CPU
	EndGlobalSection
	GlobalSection(SolutionProperties) = preSolution
		HideSolutionNode = FALSE
	EndGlobalSection
	GlobalSection(ExtensibilityGlobals) = postSolution
		SolutionGuid = {8214C9EC-DA52-47A2-8D5B-8015F814A0EB}
	EndGlobalSection
EndGlobal
