
Microsoft Visual Studio Solution File, Format Version 12.00
# Visual Studio Version 17
VisualStudioVersion = 17.0.32014.148
MinimumVisualStudioVersion = 10.0.40219.1
Project("{FAE04EC0-301F-11D3-BF4B-00C04F79EFBC}") = "VariableApp", "VariableApp\VariableApp.csproj", "{1ACA593C-B1C0-46CA-9667-D11DD0E20B3B}"
EndProject
Global
	GlobalSection(SolutionConfigurationPlatforms) = preSolution
		Debug|Any CPU = Debug|Any CPU
		Release|Any CPU = Release|Any CPU
	EndGlobalSection
	GlobalSection(ProjectConfigurationPlatforms) = postSolution
		{1ACA593C-B1C0-46CA-9667-D11DD0E20B3B}.Debug|Any CPU.ActiveCfg = Debug|Any CPU
		{1ACA593C-B1C0-46CA-9667-D11DD0E20B3B}.Debug|Any CPU.Build.0 = Debug|Any CPU
		{1ACA593C-B1C0-46CA-9667-D11DD0E20B3B}.Release|Any CPU.ActiveCfg = Release|Any CPU
		{1ACA593C-B1C0-46CA-9667-D11DD0E20B3B}.Release|Any CPU.Build.0 = Release|Any CPU
	EndGlobalSection
	GlobalSection(SolutionProperties) = preSolution
		HideSolutionNode = FALSE
	EndGlobalSection
	GlobalSection(ExtensibilityGlobals) = postSolution
		SolutionGuid = {6563A0D6-B235-4D38-B4FD-92BCC391C446}
	EndGlobalSection
EndGlobal
