
Microsoft Visual Studio Solution File, Format Version 12.00
# Visual Studio Version 17
VisualStudioVersion = 17.0.32014.148
MinimumVisualStudioVersion = 10.0.40219.1
Project("{FAE04EC0-301F-11D3-BF4B-00C04F79EFBC}") = "SimpleApp", "SimpleApp\SimpleApp.csproj", "{FEA6E686-2A50-4409-8EBE-9A866CD1A711}"
EndProject
Global
	GlobalSection(SolutionConfigurationPlatforms) = preSolution
		Debug|Any CPU = Debug|Any CPU
		Release|Any CPU = Release|Any CPU
	EndGlobalSection
	GlobalSection(ProjectConfigurationPlatforms) = postSolution
		{FEA6E686-2A50-4409-8EBE-9A866CD1A711}.Debug|Any CPU.ActiveCfg = Debug|Any CPU
		{FEA6E686-2A50-4409-8EBE-9A866CD1A711}.Debug|Any CPU.Build.0 = Debug|Any CPU
		{FEA6E686-2A50-4409-8EBE-9A866CD1A711}.Release|Any CPU.ActiveCfg = Release|Any CPU
		{FEA6E686-2A50-4409-8EBE-9A866CD1A711}.Release|Any CPU.Build.0 = Release|Any CPU
	EndGlobalSection
	GlobalSection(SolutionProperties) = preSolution
		HideSolutionNode = FALSE
	EndGlobalSection
	GlobalSection(ExtensibilityGlobals) = postSolution
		SolutionGuid = {4C1AEF37-F02E-460C-9828-5C01C3F62EB3}
	EndGlobalSection
EndGlobal
