
Microsoft Visual Studio Solution File, Format Version 12.00
# Visual Studio Version 17
VisualStudioVersion = 17.0.32014.148
MinimumVisualStudioVersion = 10.0.40219.1
Project("{FAE04EC0-301F-11D3-BF4B-00C04F79EFBC}") = "ArithmeticProblems_Question04", "ArithmeticProblems_Question04\ArithmeticProblems_Question04.csproj", "{9CBA78F3-31ED-4C09-BC32-CC06BBAA3CE8}"
EndProject
Global
	GlobalSection(SolutionConfigurationPlatforms) = preSolution
		Debug|Any CPU = Debug|Any CPU
		Release|Any CPU = Release|Any CPU
	EndGlobalSection
	GlobalSection(ProjectConfigurationPlatforms) = postSolution
		{9CBA78F3-31ED-4C09-BC32-CC06BBAA3CE8}.Debug|Any CPU.ActiveCfg = Debug|Any CPU
		{9CBA78F3-31ED-4C09-BC32-CC06BBAA3CE8}.Debug|Any CPU.Build.0 = Debug|Any CPU
		{9CBA78F3-31ED-4C09-BC32-CC06BBAA3CE8}.Release|Any CPU.ActiveCfg = Release|Any CPU
		{9CBA78F3-31ED-4C09-BC32-CC06BBAA3CE8}.Release|Any CPU.Build.0 = Release|Any CPU
	EndGlobalSection
	GlobalSection(SolutionProperties) = preSolution
		HideSolutionNode = FALSE
	EndGlobalSection
	GlobalSection(ExtensibilityGlobals) = postSolution
		SolutionGuid = {36736BFC-2047-4942-8424-FE1120AA5BDF}
	EndGlobalSection
EndGlobal
